
Microsoft Visual Studio Solution File, Format Version 12.00
# Visual Studio Version 16
VisualStudioVersion = 16.0.30717.126
MinimumVisualStudioVersion = 10.0.40219.1
Project("{8BC9CEB8-8B4A-11D0-8D11-00A0C91BC942}") = "TestGame", "TestGame\TestGame.vcxproj", "{3F4B27C5-A9C5-4610-ACC7-2A7AE87BDAD5}"
EndProject
Project("{8BC9CEB8-8B4A-11D0-8D11-00A0C91BC942}") = "Hunter", "Hunter\Hunter.vcxproj", "{BD048B01-78C0-4EDB-98DD-1912CE60C5A0}"
EndProject
Global
	GlobalSection(SolutionConfigurationPlatforms) = preSolution
		Debug|x64 = Debug|x64
		Release|x64 = Release|x64
	EndGlobalSection
	GlobalSection(ProjectConfigurationPlatforms) = postSolution
		{3F4B27C5-A9C5-4610-ACC7-2A7AE87BDAD5}.Debug|x64.ActiveCfg = Debug|x64
		{3F4B27C5-A9C5-4610-ACC7-2A7AE87BDAD5}.Debug|x64.Build.0 = Debug|x64
		{3F4B27C5-A9C5-4610-ACC7-2A7AE87BDAD5}.Release|x64.ActiveCfg = Release|x64
		{3F4B27C5-A9C5-4610-ACC7-2A7AE87BDAD5}.Release|x64.Build.0 = Release|x64
		{BD048B01-78C0-4EDB-98DD-1912CE60C5A0}.Debug|x64.ActiveCfg = Debug|x64
		{BD048B01-78C0-4EDB-98DD-1912CE60C5A0}.Debug|x64.Build.0 = Debug|x64
		{BD048B01-78C0-4EDB-98DD-1912CE60C5A0}.Release|x64.ActiveCfg = Release|x64
		{BD048B01-78C0-4EDB-98DD-1912CE60C5A0}.Release|x64.Build.0 = Release|x64
	EndGlobalSection
	GlobalSection(SolutionProperties) = preSolution
		HideSolutionNode = FALSE
	EndGlobalSection
	GlobalSection(ExtensibilityGlobals) = postSolution
		SolutionGuid = {CEE25D8E-D88D-4E2A-B8AD-14F703C66FD5}
	EndGlobalSection
EndGlobal
